
Microsoft Visual Studio Solution File, Format Version 12.00
# Visual Studio Version 16
VisualStudioVersion = 16.0.31515.178
MinimumVisualStudioVersion = 10.0.40219.1
Project("{9A19103F-16F7-4668-BE54-9A1E7A4F7556}") = "HappyBirthday.API", "HappyBirthday.API\HappyBirthday.API.csproj", "{A2B980EB-3B66-4B69-96AE-6F8CB8306C21}"
EndProject
Project("{9A19103F-16F7-4668-BE54-9A1E7A4F7556}") = "HappyBirthday.Library", "HappyBirthday.library\HappyBirthday.Library.csproj", "{DE43228D-1D01-49A8-9827-8D254F70706A}"
EndProject
Global
	GlobalSection(SolutionConfigurationPlatforms) = preSolution
		Debug|Any CPU = Debug|Any CPU
		Release|Any CPU = Release|Any CPU
	EndGlobalSection
	GlobalSection(ProjectConfigurationPlatforms) = postSolution
		{A2B980EB-3B66-4B69-96AE-6F8CB8306C21}.Debug|Any CPU.ActiveCfg = Debug|Any CPU
		{A2B980EB-3B66-4B69-96AE-6F8CB8306C21}.Debug|Any CPU.Build.0 = Debug|Any CPU
		{A2B980EB-3B66-4B69-96AE-6F8CB8306C21}.Release|Any CPU.ActiveCfg = Release|Any CPU
		{A2B980EB-3B66-4B69-96AE-6F8CB8306C21}.Release|Any CPU.Build.0 = Release|Any CPU
		{DE43228D-1D01-49A8-9827-8D254F70706A}.Debug|Any CPU.ActiveCfg = Debug|Any CPU
		{DE43228D-1D01-49A8-9827-8D254F70706A}.Debug|Any CPU.Build.0 = Debug|Any CPU
		{DE43228D-1D01-49A8-9827-8D254F70706A}.Release|Any CPU.ActiveCfg = Release|Any CPU
		{DE43228D-1D01-49A8-9827-8D254F70706A}.Release|Any CPU.Build.0 = Release|Any CPU
	EndGlobalSection
	GlobalSection(SolutionProperties) = preSolution
		HideSolutionNode = FALSE
	EndGlobalSection
	GlobalSection(ExtensibilityGlobals) = postSolution
		SolutionGuid = {67A3C7EC-C403-4002-B926-5E70C21AED4A}
	EndGlobalSection
EndGlobal
